{
    "_meta": {
        "hash": {
            "sha256": "a0d36ef0bed55b3420eb8d9496eb320ffa6b849d22352040a922fcaebd200024"
        },
        "pipfile-spec": 6,
        "requires": {
            "python_version": "3.11"
        },
        "sources": [
            {
                "name": "pypi",
                "url": "https://pypi.org/simple",
                "verify_ssl": true
            }
        ]
    },
    "default": {
        "protobuf": {
            "hashes": [
                "sha256:0413addc126c40a5440ee59be098de1007183d68e9f5f20ed5fbc44848f417ca",
                "sha256:05cbcb9a25cd781fd949f93f6f98a911883868c0360c6d2264fc99a903c8f0d7",
                "sha256:0c968753028cb14b1d24cc839723f7e9505b305fc588a37a9e0f7d270cb59d89",
                "sha256:2a172741b5b041a896b621cef4277077afd571e0d3a6e524e7171f1c70e33200",
                "sha256:3f08f04b4f101dd469efbcc1731fbf48068eccd8a42f4e2ea530aa012a5f56f8",
                "sha256:4d97c16c0d11155b3714a29245461f0eb60cace294455077f3a3b8a629afa383",
                "sha256:5096b3922b45e4b7a04d3d3cb855d13bb5ccd4d5e44b129e706232ebf0ffb870",
                "sha256:5efa8a8162ada7e10847140308fbf84fdc5b89dc21655d12ec04aed87284fe07",
                "sha256:6b809f20923b6ef49dc1755cb50bdb21be179b4a3c7ffcab1fe5d3f139b58a51",
                "sha256:81b233a06c62387ea5c9be2cd9aedd2ba09940e91da53b920e9ff5bd98e48e7f",
                "sha256:a5e89eabaa0ca72ce1b7c8104a740d44cdb67942cbbed00c69a4c0541de17107",
                "sha256:b78d7c2c36b51c0041b9bf000be4adb09f4112bfc40bc7a9d48ac0b0dfad139e",
                "sha256:e53165dd14d19abc7f50733f365de431e51d1d262db40c0ee22e271a074fac59",
                "sha256:e92768d17473657c87e98b79a4c7724b0ddfa23211b05ce137bfdc55e734e36f"
            ],
            "markers": "python_version >= '3.7'",
            "version": "==4.21.10"
        },
        "tensorflow-protobuf": {
            "hashes": [
                "sha256:3b4ddf9c468160e2fa97130d9a3d46b182dfdd6f3c2fcb95ad7ff9d549b2dd0d",
                "sha256:89073a618c3439ac75051621158f2de5d401ed3a683a4d86a68882c35a9f51d3"
            ],
            "index": "pypi",
            "version": "==2.7.0"
        }
    },
    "develop": {}
}
